
Microsoft Visual Studio Solution File, Format Version 12.00
# Visual Studio 15
VisualStudioVersion = 15.0.27130.2024
MinimumVisualStudioVersion = 10.0.40219.1
Project("{FAE04EC0-301F-11D3-BF4B-00C04F79EFBC}") = "Dodge", "Dodge\Dodge.csproj", "{830652CC-7083-419E-8779-A7AC207E32C0}"
EndProject
Global
	GlobalSection(SolutionConfigurationPlatforms) = preSolution
		Debug|Any CPU = Debug|Any CPU
		Release|Any CPU = Release|Any CPU
	EndGlobalSection
	GlobalSection(ProjectConfigurationPlatforms) = postSolution
		{830652CC-7083-419E-8779-A7AC207E32C0}.Debug|Any CPU.ActiveCfg = Debug|Any CPU
		{830652CC-7083-419E-8779-A7AC207E32C0}.Debug|Any CPU.Build.0 = Debug|Any CPU
		{830652CC-7083-419E-8779-A7AC207E32C0}.Release|Any CPU.ActiveCfg = Release|Any CPU
		{830652CC-7083-419E-8779-A7AC207E32C0}.Release|Any CPU.Build.0 = Release|Any CPU
	EndGlobalSection
	GlobalSection(SolutionProperties) = preSolution
		HideSolutionNode = FALSE
	EndGlobalSection
	GlobalSection(ExtensibilityGlobals) = postSolution
		SolutionGuid = {622D717B-AD70-43B5-BA55-032A35E8BEAC}
	EndGlobalSection
EndGlobal
